
Microsoft Visual Studio Solution File, Format Version 12.00
# Visual Studio Version 16
VisualStudioVersion = 16.0.31321.278
MinimumVisualStudioVersion = 10.0.40219.1
Project("{FAE04EC0-301F-11D3-BF4B-00C04F79EFBC}") = "AA.System", "AA.System\AA.System.csproj", "{98DA2A08-5CC1-404E-A1BC-4E0DDDC38EFC}"
EndProject
Project("{FAE04EC0-301F-11D3-BF4B-00C04F79EFBC}") = "FrameWorkTests", "FrameWorkTests\FrameWorkTests.csproj", "{EAC84E38-5D8A-4D07-A28D-0F6ECABA831E}"
EndProject
Project("{2150E333-8FDC-42A3-9474-1A3956D46DE8}") = "Solution Items", "Solution Items", "{CD377D91-9369-4892-92CF-E584B95CDCD9}"
	ProjectSection(SolutionItems) = preProject
		Support\RangeOperations.xlsx = Support\RangeOperations.xlsx
		Readme.md = Readme.md
	EndProjectSection
EndProject
Project("{2150E333-8FDC-42A3-9474-1A3956D46DE8}") = "Help", "Help", "{4503CF9A-0DCC-4A0E-B648-D1AEC3931BF9}"
EndProject
Global
	GlobalSection(SolutionConfigurationPlatforms) = preSolution
		Debug|Any CPU = Debug|Any CPU
		Release|Any CPU = Release|Any CPU
	EndGlobalSection
	GlobalSection(ProjectConfigurationPlatforms) = postSolution
		{98DA2A08-5CC1-404E-A1BC-4E0DDDC38EFC}.Debug|Any CPU.ActiveCfg = Debug|Any CPU
		{98DA2A08-5CC1-404E-A1BC-4E0DDDC38EFC}.Debug|Any CPU.Build.0 = Debug|Any CPU
		{98DA2A08-5CC1-404E-A1BC-4E0DDDC38EFC}.Release|Any CPU.ActiveCfg = Release|Any CPU
		{98DA2A08-5CC1-404E-A1BC-4E0DDDC38EFC}.Release|Any CPU.Build.0 = Release|Any CPU
		{EAC84E38-5D8A-4D07-A28D-0F6ECABA831E}.Debug|Any CPU.ActiveCfg = Debug|Any CPU
		{EAC84E38-5D8A-4D07-A28D-0F6ECABA831E}.Debug|Any CPU.Build.0 = Debug|Any CPU
		{EAC84E38-5D8A-4D07-A28D-0F6ECABA831E}.Release|Any CPU.ActiveCfg = Release|Any CPU
		{EAC84E38-5D8A-4D07-A28D-0F6ECABA831E}.Release|Any CPU.Build.0 = Release|Any CPU
	EndGlobalSection
	GlobalSection(SolutionProperties) = preSolution
		HideSolutionNode = FALSE
	EndGlobalSection
	GlobalSection(ExtensibilityGlobals) = postSolution
		BuildVersion_UseGlobalSettings = False
		BuildVersion_StartDate = 2000/1/1
		BuildVersion_BuildVersioningStyle = YearStamp.MonthStamp.DayStamp.TimeStamp
		SolutionGuid = {8ACD0B12-A6AC-4519-9D05-21F7DBA7FC71}
	EndGlobalSection
EndGlobal
